
Microsoft Visual Studio Solution File, Format Version 12.00
# Visual Studio Version 17
VisualStudioVersion = 17.5.002.0
MinimumVisualStudioVersion = 10.0.40219.1
Project("{9A19103F-16F7-4668-BE54-9A1E7A4F7556}") = "Final", "Final.csproj", "{F2695AB1-15E0-4372-A25C-F6761A4B4040}"
EndProject
Global
	GlobalSection(SolutionConfigurationPlatforms) = preSolution
		Debug|Any CPU = Debug|Any CPU
		Release|Any CPU = Release|Any CPU
	EndGlobalSection
	GlobalSection(ProjectConfigurationPlatforms) = postSolution
		{F2695AB1-15E0-4372-A25C-F6761A4B4040}.Debug|Any CPU.ActiveCfg = Debug|Any CPU
		{F2695AB1-15E0-4372-A25C-F6761A4B4040}.Debug|Any CPU.Build.0 = Debug|Any CPU
		{F2695AB1-15E0-4372-A25C-F6761A4B4040}.Release|Any CPU.ActiveCfg = Release|Any CPU
		{F2695AB1-15E0-4372-A25C-F6761A4B4040}.Release|Any CPU.Build.0 = Release|Any CPU
	EndGlobalSection
	GlobalSection(SolutionProperties) = preSolution
		HideSolutionNode = FALSE
	EndGlobalSection
	GlobalSection(ExtensibilityGlobals) = postSolution
		SolutionGuid = {0EE6BEB8-1FCE-43BA-B885-5DE4A82AD881}
	EndGlobalSection
EndGlobal
